
Microsoft Visual Studio Solution File, Format Version 12.00
# Visual Studio Version 17
VisualStudioVersion = 17.5.002.0
MinimumVisualStudioVersion = 10.0.40219.1
Project("{9A19103F-16F7-4668-BE54-9A1E7A4F7556}") = "BlazorServer", "BlazorServer\BlazorServer.csproj", "{2D994531-4EEF-4215-B282-F85FBE415253}"
EndProject
Project("{9A19103F-16F7-4668-BE54-9A1E7A4F7556}") = "IntegrationTests", "IntegrationTests\IntegrationTests.csproj", "{797A7D1D-4D21-44D3-8370-DB71D5127C1C}"
EndProject
Global
	GlobalSection(SolutionConfigurationPlatforms) = preSolution
		Debug|Any CPU = Debug|Any CPU
		Release|Any CPU = Release|Any CPU
	EndGlobalSection
	GlobalSection(ProjectConfigurationPlatforms) = postSolution
		{2D994531-4EEF-4215-B282-F85FBE415253}.Debug|Any CPU.ActiveCfg = Debug|Any CPU
		{2D994531-4EEF-4215-B282-F85FBE415253}.Debug|Any CPU.Build.0 = Debug|Any CPU
		{2D994531-4EEF-4215-B282-F85FBE415253}.Release|Any CPU.ActiveCfg = Release|Any CPU
		{2D994531-4EEF-4215-B282-F85FBE415253}.Release|Any CPU.Build.0 = Release|Any CPU
		{797A7D1D-4D21-44D3-8370-DB71D5127C1C}.Debug|Any CPU.ActiveCfg = Debug|Any CPU
		{797A7D1D-4D21-44D3-8370-DB71D5127C1C}.Debug|Any CPU.Build.0 = Debug|Any CPU
		{797A7D1D-4D21-44D3-8370-DB71D5127C1C}.Release|Any CPU.ActiveCfg = Release|Any CPU
		{797A7D1D-4D21-44D3-8370-DB71D5127C1C}.Release|Any CPU.Build.0 = Release|Any CPU
	EndGlobalSection
	GlobalSection(SolutionProperties) = preSolution
		HideSolutionNode = FALSE
	EndGlobalSection
	GlobalSection(ExtensibilityGlobals) = postSolution
		SolutionGuid = {63A406AF-92F0-40C1-8715-9CA601450E2D}
	EndGlobalSection
EndGlobal
